
Microsoft Visual Studio Solution File, Format Version 12.00
# Visual Studio Version 16
VisualStudioVersion = 16.0.31112.23
MinimumVisualStudioVersion = 10.0.40219.1
Project("{9A19103F-16F7-4668-BE54-9A1E7A4F7556}") = "ScoreKeeper", "ScoreKeeper\ScoreKeeper.csproj", "{DE02EDC4-7778-4E89-BE91-E6C5BCD8BB48}"
EndProject
Global
	GlobalSection(SolutionConfigurationPlatforms) = preSolution
		Debug|Any CPU = Debug|Any CPU
		Release|Any CPU = Release|Any CPU
	EndGlobalSection
	GlobalSection(ProjectConfigurationPlatforms) = postSolution
		{DE02EDC4-7778-4E89-BE91-E6C5BCD8BB48}.Debug|Any CPU.ActiveCfg = Debug|Any CPU
		{DE02EDC4-7778-4E89-BE91-E6C5BCD8BB48}.Debug|Any CPU.Build.0 = Debug|Any CPU
		{DE02EDC4-7778-4E89-BE91-E6C5BCD8BB48}.Release|Any CPU.ActiveCfg = Release|Any CPU
		{DE02EDC4-7778-4E89-BE91-E6C5BCD8BB48}.Release|Any CPU.Build.0 = Release|Any CPU
	EndGlobalSection
	GlobalSection(SolutionProperties) = preSolution
		HideSolutionNode = FALSE
	EndGlobalSection
	GlobalSection(ExtensibilityGlobals) = postSolution
		SolutionGuid = {4C27125F-AFD4-4120-BC9D-ECC0DC7B5E8F}
	EndGlobalSection
EndGlobal
